
Microsoft Visual Studio Solution File, Format Version 12.00
# Visual Studio Version 17
VisualStudioVersion = 17.5.33414.496
MinimumVisualStudioVersion = 10.0.40219.1
Project("{FAE04EC0-301F-11D3-BF4B-00C04F79EFBC}") = "D01NetCoreFeatures", "D01NetCoreFeatures\D01NetCoreFeatures.csproj", "{E48198DA-E33C-468C-883F-F0A85E4D0FE2}"
EndProject
Global
	GlobalSection(SolutionConfigurationPlatforms) = preSolution
		Debug|Any CPU = Debug|Any CPU
		Release|Any CPU = Release|Any CPU
	EndGlobalSection
	GlobalSection(ProjectConfigurationPlatforms) = postSolution
		{E48198DA-E33C-468C-883F-F0A85E4D0FE2}.Debug|Any CPU.ActiveCfg = Debug|Any CPU
		{E48198DA-E33C-468C-883F-F0A85E4D0FE2}.Debug|Any CPU.Build.0 = Debug|Any CPU
		{E48198DA-E33C-468C-883F-F0A85E4D0FE2}.Release|Any CPU.ActiveCfg = Release|Any CPU
		{E48198DA-E33C-468C-883F-F0A85E4D0FE2}.Release|Any CPU.Build.0 = Release|Any CPU
	EndGlobalSection
	GlobalSection(SolutionProperties) = preSolution
		HideSolutionNode = FALSE
	EndGlobalSection
	GlobalSection(ExtensibilityGlobals) = postSolution
		SolutionGuid = {6B66BF71-B0B5-493B-8DDD-BCC229ED67BB}
	EndGlobalSection
EndGlobal
